
Microsoft Visual Studio Solution File, Format Version 12.00
# Visual Studio Version 17
VisualStudioVersion = 17.3.32901.215
MinimumVisualStudioVersion = 10.0.40219.1
Project("{FAE04EC0-301F-11D3-BF4B-00C04F79EFBC}") = "calculation_of__circle_area", "calculation_of__circle_area\calculation_of__circle_area.csproj", "{42FF582A-A8FE-4734-9C7F-B8022234D609}"
EndProject
Global
	GlobalSection(SolutionConfigurationPlatforms) = preSolution
		Debug|Any CPU = Debug|Any CPU
		Release|Any CPU = Release|Any CPU
	EndGlobalSection
	GlobalSection(ProjectConfigurationPlatforms) = postSolution
		{42FF582A-A8FE-4734-9C7F-B8022234D609}.Debug|Any CPU.ActiveCfg = Debug|Any CPU
		{42FF582A-A8FE-4734-9C7F-B8022234D609}.Debug|Any CPU.Build.0 = Debug|Any CPU
		{42FF582A-A8FE-4734-9C7F-B8022234D609}.Release|Any CPU.ActiveCfg = Release|Any CPU
		{42FF582A-A8FE-4734-9C7F-B8022234D609}.Release|Any CPU.Build.0 = Release|Any CPU
	EndGlobalSection
	GlobalSection(SolutionProperties) = preSolution
		HideSolutionNode = FALSE
	EndGlobalSection
	GlobalSection(ExtensibilityGlobals) = postSolution
		SolutionGuid = {32D90F3F-506C-4883-AAC3-567FB546D5DF}
	EndGlobalSection
EndGlobal
