
Microsoft Visual Studio Solution File, Format Version 12.00
# Visual Studio Version 17
VisualStudioVersion = 17.3.32901.215
MinimumVisualStudioVersion = 10.0.40219.1
Project("{FAE04EC0-301F-11D3-BF4B-00C04F79EFBC}") = "sum_odd_numbers", "sum_odd_numbers\sum_odd_numbers.csproj", "{639BD6BE-2536-4EE6-8141-3D76B11191C8}"
EndProject
Global
	GlobalSection(SolutionConfigurationPlatforms) = preSolution
		Debug|Any CPU = Debug|Any CPU
		Release|Any CPU = Release|Any CPU
	EndGlobalSection
	GlobalSection(ProjectConfigurationPlatforms) = postSolution
		{639BD6BE-2536-4EE6-8141-3D76B11191C8}.Debug|Any CPU.ActiveCfg = Debug|Any CPU
		{639BD6BE-2536-4EE6-8141-3D76B11191C8}.Debug|Any CPU.Build.0 = Debug|Any CPU
		{639BD6BE-2536-4EE6-8141-3D76B11191C8}.Release|Any CPU.ActiveCfg = Release|Any CPU
		{639BD6BE-2536-4EE6-8141-3D76B11191C8}.Release|Any CPU.Build.0 = Release|Any CPU
	EndGlobalSection
	GlobalSection(SolutionProperties) = preSolution
		HideSolutionNode = FALSE
	EndGlobalSection
	GlobalSection(ExtensibilityGlobals) = postSolution
		SolutionGuid = {2699D14F-0139-4C1B-AF35-B93005D55E2A}
	EndGlobalSection
EndGlobal
