
Microsoft Visual Studio Solution File, Format Version 12.00
# Visual Studio Version 17
VisualStudioVersion = 17.3.32901.215
MinimumVisualStudioVersion = 10.0.40219.1
Project("{FAE04EC0-301F-11D3-BF4B-00C04F79EFBC}") = "grade_in_words", "grade_in_words\grade_in_words.csproj", "{2D8E8D45-B27E-4CF7-A177-B62A6B601AA7}"
EndProject
Global
	GlobalSection(SolutionConfigurationPlatforms) = preSolution
		Debug|Any CPU = Debug|Any CPU
		Release|Any CPU = Release|Any CPU
	EndGlobalSection
	GlobalSection(ProjectConfigurationPlatforms) = postSolution
		{2D8E8D45-B27E-4CF7-A177-B62A6B601AA7}.Debug|Any CPU.ActiveCfg = Debug|Any CPU
		{2D8E8D45-B27E-4CF7-A177-B62A6B601AA7}.Debug|Any CPU.Build.0 = Debug|Any CPU
		{2D8E8D45-B27E-4CF7-A177-B62A6B601AA7}.Release|Any CPU.ActiveCfg = Release|Any CPU
		{2D8E8D45-B27E-4CF7-A177-B62A6B601AA7}.Release|Any CPU.Build.0 = Release|Any CPU
	EndGlobalSection
	GlobalSection(SolutionProperties) = preSolution
		HideSolutionNode = FALSE
	EndGlobalSection
	GlobalSection(ExtensibilityGlobals) = postSolution
		SolutionGuid = {4D02E0D7-137A-45C4-8224-CB6374F5ADB6}
	EndGlobalSection
EndGlobal
